#MicroXplorer Configuration settings - do not modify
DAC1.DAC_Trigger=DAC_TRIGGER_NONE
DAC1.IPParameters=DAC_Trigger
Dma.Request0=TIM17_CH1/UP
Dma.RequestsNb=1
Dma.TIM17_CH1/UP.0.Direction=DMA_MEMORY_TO_PERIPH
Dma.TIM17_CH1/UP.0.Instance=DMA1_Channel1
Dma.TIM17_CH1/UP.0.MemDataAlignment=DMA_MDATAALIGN_HALFWORD
Dma.TIM17_CH1/UP.0.MemInc=DMA_MINC_ENABLE
Dma.TIM17_CH1/UP.0.Mode=DMA_CIRCULAR
Dma.TIM17_CH1/UP.0.PeriphDataAlignment=DMA_PDATAALIGN_HALFWORD
Dma.TIM17_CH1/UP.0.PeriphInc=DMA_PINC_DISABLE
Dma.TIM17_CH1/UP.0.Priority=DMA_PRIORITY_LOW
Dma.TIM17_CH1/UP.0.RequestParameters=Instance,Direction,PeriphInc,MemInc,PeriphDataAlignment,MemDataAlignment,Mode,Priority
File.Version=6
KeepUserPlacement=false
Mcu.Family=STM32F0
Mcu.IP0=DAC1
Mcu.IP1=DMA
Mcu.IP2=NVIC
Mcu.IP3=RCC
Mcu.IP4=SYS
Mcu.IP5=TIM17
Mcu.IPNb=6
Mcu.Name=STM32F051C8Tx
Mcu.Package=LQFP48
Mcu.Pin0=PC14-OSC32_IN
Mcu.Pin1=PC15-OSC32_OUT
Mcu.Pin2=PF0-OSC_IN
Mcu.Pin3=PF1-OSC_OUT
Mcu.Pin4=PA4
Mcu.Pin5=PA13
Mcu.Pin6=PA14
Mcu.Pin7=VP_SYS_VS_Systick
Mcu.Pin8=VP_TIM17_VS_ClockSourceINT
Mcu.PinsNb=9
Mcu.UserConstants=
Mcu.UserName=STM32F051C8Tx
MxCube.Version=4.18.0
MxDb.Version=DB.4.0.180
NVIC.DMA1_Channel1_IRQn=true\:0\:0\:false\:false\:true
NVIC.HardFault_IRQn=true\:0\:0\:false\:false\:true
NVIC.NonMaskableInt_IRQn=true\:0\:0\:false\:false\:true
NVIC.PendSV_IRQn=true\:0\:0\:false\:false\:true
NVIC.SVC_IRQn=true\:0\:0\:false\:false\:true
NVIC.SysTick_IRQn=true\:0\:0\:false\:false\:true
PA13.Mode=Serial_Wire
PA13.Signal=SYS_SWDIO
PA14.Mode=Serial_Wire
PA14.Signal=SYS_SWCLK
PA4.Signal=COMP_DAC11_group
PC14-OSC32_IN.Mode=LSE-External-Oscillator
PC14-OSC32_IN.Signal=RCC_OSC32_IN
PC15-OSC32_OUT.Mode=LSE-External-Oscillator
PC15-OSC32_OUT.Signal=RCC_OSC32_OUT
PCC.Checker=false
PCC.Line=STM32F0x1
PCC.MCU=STM32F051C8Tx
PCC.MXVersion=4.18.0
PCC.PartNumber=STM32F051C8Tx
PCC.Seq0=0
PCC.Series=STM32F0
PCC.Temperature=25
PCC.Vdd=3.3
PF0-OSC_IN.Mode=HSE-External-Oscillator
PF0-OSC_IN.Signal=RCC_OSC_IN
PF1-OSC_OUT.Mode=HSE-External-Oscillator
PF1-OSC_OUT.Signal=RCC_OSC_OUT
ProjectManager.AskForMigrate=true
ProjectManager.BackupPrevious=false
ProjectManager.CompilerOptimize=2
ProjectManager.ComputerToolchain=false
ProjectManager.CoupleFile=false
ProjectManager.CustomerFirmwarePackage=/home/stm/STM32Cube/Repository/STM32Cube_FW_F0_V1.7.0
ProjectManager.DefaultFWLocation=true
ProjectManager.DeletePrevious=true
ProjectManager.DeviceId=STM32F051C8Tx
ProjectManager.FirmwarePackage=STM32Cube FW_F0 V1.7.0
ProjectManager.FreePins=false
ProjectManager.HalAssertFull=false
ProjectManager.HeapSize=0x200
ProjectManager.KeepUserCode=true
ProjectManager.LastFirmware=true
ProjectManager.LibraryCopy=1
ProjectManager.PreviousToolchain=SW4STM32
ProjectManager.ProjectBuild=false
ProjectManager.ProjectFileName=stm32f051_dma_tim17.ioc
ProjectManager.ProjectName=stm32f051_dma_tim17
ProjectManager.StackSize=0x400
ProjectManager.TargetToolchain=SW4STM32
ProjectManager.ToolChainLocation=/home/stm/stm32project/stm32f051_dma_tim17
ProjectManager.UnderRoot=true
ProjectManager.functionlistsort=1-MX_GPIO_Init-GPIO-false-HAL,2-MX_DMA_Init-DMA-false-HAL,3-SystemClock_Config-RCC-false-HAL,4-MX_DAC1_Init-DAC1-false-HAL,5-MX_TIM17_Init-TIM17-false-HAL
RCC.AHBFreq_Value=48000000
RCC.APB1Freq_Value=48000000
RCC.APB1TimFreq_Value=48000000
RCC.CECFreq_Value=32786.88524590164
RCC.FCLKCortexFreq_Value=48000000
RCC.FamilyName=M
RCC.HCLKFreq_Value=48000000
RCC.HSICECFreq_Value=32786.88524590164
RCC.HSIState=RCC_HSI_ON
RCC.I2SFreq_Value=48000000
RCC.IPParameters=AHBFreq_Value,APB1Freq_Value,APB1TimFreq_Value,CECFreq_Value,FCLKCortexFreq_Value,FamilyName,HCLKFreq_Value,HSICECFreq_Value,HSIState,I2SFreq_Value,MCOFreq_Value,PLLCLKFreq_Value,PLLMCOFreq_Value,PLLMUL,PLLSourceVirtual,SYSCLKFreq_VALUE,SYSCLKSource,TimSysFreq_Value,USART1Freq_Value,VCOOutput2Freq_Value
RCC.MCOFreq_Value=48000000
RCC.PLLCLKFreq_Value=48000000
RCC.PLLMCOFreq_Value=24000000
RCC.PLLMUL=RCC_PLL_MUL6
RCC.PLLSourceVirtual=RCC_PLLSOURCE_HSE
RCC.SYSCLKFreq_VALUE=48000000
RCC.SYSCLKSource=RCC_SYSCLKSOURCE_PLLCLK
RCC.TimSysFreq_Value=48000000
RCC.USART1Freq_Value=48000000
RCC.VCOOutput2Freq_Value=8000000
SH.COMP_DAC11_group.0=DAC1_OUT1,DAC_OUT1
SH.COMP_DAC11_group.ConfNb=1
TIM17.IPParameters=Period
TIM17.Period=3000-1
VP_SYS_VS_Systick.Mode=SysTick
VP_SYS_VS_Systick.Signal=SYS_VS_Systick
VP_TIM17_VS_ClockSourceINT.Mode=Enable_Timer
VP_TIM17_VS_ClockSourceINT.Signal=TIM17_VS_ClockSourceINT
board=stm32f051_dma_tim17
